
Microsoft Visual Studio Solution File, Format Version 12.00
# Visual Studio Version 17
VisualStudioVersion = 17.14.36401.2 d17.14
MinimumVisualStudioVersion = 10.0.40219.1
Project("{FAE04EC0-301F-11D3-BF4B-00C04F79EFBC}") = "Blog.Web", "Blog.Web\Blog.Web.csproj", "{12DFD0DC-6636-41C3-8F68-F9737A9315DB}"
EndProject
Global
	GlobalSection(SolutionConfigurationPlatforms) = preSolution
		Debug|Any CPU = Debug|Any CPU
		Release|Any CPU = Release|Any CPU
	EndGlobalSection
	GlobalSection(ProjectConfigurationPlatforms) = postSolution
		{12DFD0DC-6636-41C3-8F68-F9737A9315DB}.Debug|Any CPU.ActiveCfg = Debug|Any CPU
		{12DFD0DC-6636-41C3-8F68-F9737A9315DB}.Debug|Any CPU.Build.0 = Debug|Any CPU
		{12DFD0DC-6636-41C3-8F68-F9737A9315DB}.Release|Any CPU.ActiveCfg = Release|Any CPU
		{12DFD0DC-6636-41C3-8F68-F9737A9315DB}.Release|Any CPU.Build.0 = Release|Any CPU
	EndGlobalSection
	GlobalSection(SolutionProperties) = preSolution
		HideSolutionNode = FALSE
	EndGlobalSection
	GlobalSection(ExtensibilityGlobals) = postSolution
		SolutionGuid = {96404801-E797-466D-9065-88C675487068}
	EndGlobalSection
EndGlobal
